
Microsoft Visual Studio Solution File, Format Version 12.00
# Visual Studio Version 17
VisualStudioVersion = 17.14.36401.2 d17.14
MinimumVisualStudioVersion = 10.0.40219.1
Project("{FAE04EC0-301F-11D3-BF4B-00C04F79EFBC}") = "EatTogether.MAUI", "EatTogether.MAUI\EatTogether.MAUI.csproj", "{B6B49AD6-22B0-4757-B72B-1478B44A81B7}"
EndProject
Global
	GlobalSection(SolutionConfigurationPlatforms) = preSolution
		Debug|Any CPU = Debug|Any CPU
		Release|Any CPU = Release|Any CPU
	EndGlobalSection
	GlobalSection(ProjectConfigurationPlatforms) = postSolution
		{B6B49AD6-22B0-4757-B72B-1478B44A81B7}.Debug|Any CPU.ActiveCfg = Debug|Any CPU
		{B6B49AD6-22B0-4757-B72B-1478B44A81B7}.Debug|Any CPU.Build.0 = Debug|Any CPU
		{B6B49AD6-22B0-4757-B72B-1478B44A81B7}.Debug|Any CPU.Deploy.0 = Debug|Any CPU
		{B6B49AD6-22B0-4757-B72B-1478B44A81B7}.Release|Any CPU.ActiveCfg = Release|Any CPU
		{B6B49AD6-22B0-4757-B72B-1478B44A81B7}.Release|Any CPU.Build.0 = Release|Any CPU
		{B6B49AD6-22B0-4757-B72B-1478B44A81B7}.Release|Any CPU.Deploy.0 = Release|Any CPU
	EndGlobalSection
	GlobalSection(SolutionProperties) = preSolution
		HideSolutionNode = FALSE
	EndGlobalSection
	GlobalSection(ExtensibilityGlobals) = postSolution
		SolutionGuid = {DD71FB4A-E5B8-49F0-9BA3-3C982890F35D}
	EndGlobalSection
EndGlobal
